
Microsoft Visual Studio Solution File, Format Version 12.00
# Visual Studio Version 17
VisualStudioVersion = 17.10.35013.160
MinimumVisualStudioVersion = 10.0.40219.1
Project("{FAE04EC0-301F-11D3-BF4B-00C04F79EFBC}") = "HelloWorldCS", "HelloWorldCS.csproj", "{02FD500C-7F8B-437D-ACDC-9036DAD4EF4E}"
EndProject
Global
	GlobalSection(SolutionConfigurationPlatforms) = preSolution
		Debug|Any CPU = Debug|Any CPU
		Release|Any CPU = Release|Any CPU
	EndGlobalSection
	GlobalSection(ProjectConfigurationPlatforms) = postSolution
		{02FD500C-7F8B-437D-ACDC-9036DAD4EF4E}.Debug|Any CPU.ActiveCfg = Debug|Any CPU
		{02FD500C-7F8B-437D-ACDC-9036DAD4EF4E}.Debug|Any CPU.Build.0 = Debug|Any CPU
		{02FD500C-7F8B-437D-ACDC-9036DAD4EF4E}.Release|Any CPU.ActiveCfg = Release|Any CPU
		{02FD500C-7F8B-437D-ACDC-9036DAD4EF4E}.Release|Any CPU.Build.0 = Release|Any CPU
	EndGlobalSection
	GlobalSection(SolutionProperties) = preSolution
		HideSolutionNode = FALSE
	EndGlobalSection
	GlobalSection(ExtensibilityGlobals) = postSolution
		SolutionGuid = {C124B191-8E7B-4E29-A530-28EBF266DA23}
	EndGlobalSection
EndGlobal
